// !$*UTF8*$!
{
	archiveVersion = 1;
	classes = {
	};
	objectVersion = 46;
	objects = {

/* Begin PBXBuildFile section */
		7A20E2251EB7F98E00D04C55 /* AppDelegate.swift in Sources */ = {isa = PBXBuildFile; fileRef = 7A20E2241EB7F98E00D04C55 /* AppDelegate.swift */; };
		7A20E2271EB7F98E00D04C55 /* ViewController.swift in Sources */ = {isa = PBXBuildFile; fileRef = 7A20E2261EB7F98E00D04C55 /* ViewController.swift */; };
		7A20E22A1EB7F98E00D04C55 /* Main.storyboard in Resources */ = {isa = PBXBuildFile; fileRef = 7A20E2281EB7F98E00D04C55 /* Main.storyboard */; };
		7A20E22C1EB7F98E00D04C55 /* Assets.xcassets in Resources */ = {isa = PBXBuildFile; fileRef = 7A20E22B1EB7F98E00D04C55 /* Assets.xcassets */; };
		7A20E22F1EB7F98E00D04C55 /* LaunchScreen.storyboard in Resources */ = {isa = PBXBuildFile; fileRef = 7A20E22D1EB7F98E00D04C55 /* LaunchScreen.storyboard */; };
		7A20E23A1EB7F98E00D04C55 /* iQuizTests.swift in Sources */ = {isa = PBXBuildFile; fileRef = 7A20E2391EB7F98E00D04C55 /* iQuizTests.swift */; };
		7A20E2451EB7F98E00D04C55 /* iQuizUITests.swift in Sources */ = {isa = PBXBuildFile; fileRef = 7A20E2441EB7F98E00D04C55 /* iQuizUITests.swift */; };
		7A5C12B71EC12DFB00F3E7A1 /* QuestionViewController.swift in Sources */ = {isa = PBXBuildFile; fileRef = 7A5C12B61EC12DFB00F3E7A1 /* QuestionViewController.swift */; };
		7A5C12B91EC12EC200F3E7A1 /* AnswerViewController.swift in Sources */ = {isa = PBXBuildFile; fileRef = 7A5C12B81EC12EC200F3E7A1 /* AnswerViewController.swift */; };
		7A5C12BB1EC12EF700F3E7A1 /* FinishViewController.swift in Sources */ = {isa = PBXBuildFile; fileRef = 7A5C12BA1EC12EF700F3E7A1 /* FinishViewController.swift */; };
/* End PBXBuildFile section */

/* Begin PBXContainerItemProxy section */
		7A20E2361EB7F98E00D04C55 /* PBXContainerItemProxy */ = {
			isa = PBXContainerItemProxy;
			containerPortal = 7A20E2191EB7F98E00D04C55 /* Project object */;
			proxyType = 1;
			remoteGlobalIDString = 7A20E2201EB7F98E00D04C55;
			remoteInfo = iQuiz;
		};
		7A20E2411EB7F98E00D04C55 /* PBXContainerItemProxy */ = {
			isa = PBXContainerItemProxy;
			containerPortal = 7A20E2191EB7F98E00D04C55 /* Project object */;
			proxyType = 1;
			remoteGlobalIDString = 7A20E2201EB7F98E00D04C55;
			remoteInfo = iQuiz;
		};
/* End PBXContainerItemProxy section */

/* Begin PBXFileReference section */
		7A20E2211EB7F98E00D04C55 /* iQuiz.app */ = {isa = PBXFileReference; explicitFileType = wrapper.application; includeInIndex = 0; path = iQuiz.app; sourceTree = BUILT_PRODUCTS_DIR; };
		7A20E2241EB7F98E00D04C55 /* AppDelegate.swift */ = {isa = PBXFileReference; lastKnownFileType = sourcecode.swift; path = AppDelegate.swift; sourceTree = "<group>"; };
		7A20E2261EB7F98E00D04C55 /* ViewController.swift */ = {isa = PBXFileReference; lastKnownFileType = sourcecode.swift; path = ViewController.swift; sourceTree = "<group>"; };
		7A20E2291EB7F98E00D04C55 /* Base */ = {isa = PBXFileReference; lastKnownFileType = file.storyboard; name = Base; path = Base.lproj/Main.storyboard; sourceTree = "<group>"; };
		7A20E22B1EB7F98E00D04C55 /* Assets.xcassets */ = {isa = PBXFileReference; lastKnownFileType = folder.assetcatalog; path = Assets.xcassets; sourceTree = "<group>"; };
		7A20E22E1EB7F98E00D04C55 /* Base */ = {isa = PBXFileReference; lastKnownFileType = file.storyboard; name = Base; path = Base.lproj/LaunchScreen.storyboard; sourceTree = "<group>"; };
		7A20E2301EB7F98E00D04C55 /* Info.plist */ = {isa = PBXFileReference; lastKnownFileType = text.plist.xml; path = Info.plist; sourceTree = "<group>"; };
		7A20E2351EB7F98E00D04C55 /* iQuizTests.xctest */ = {isa = PBXFileReference; explicitFileType = wrapper.cfbundle; includeInIndex = 0; path = iQuizTests.xctest; sourceTree = BUILT_PRODUCTS_DIR; };
		7A20E2391EB7F98E00D04C55 /* iQuizTests.swift */ = {isa = PBXFileReference; lastKnownFileType = sourcecode.swift; path = iQuizTests.swift; sourceTree = "<group>"; };
		7A20E23B1EB7F98E00D04C55 /* Info.plist */ = {isa = PBXFileReference; lastKnownFileType = text.plist.xml; path = Info.plist; sourceTree = "<group>"; };
		7A20E2401EB7F98E00D04C55 /* iQuizUITests.xctest */ = {isa = PBXFileReference; explicitFileType = wrapper.cfbundle; includeInIndex = 0; path = iQuizUITests.xctest; sourceTree = BUILT_PRODUCTS_DIR; };
		7A20E2441EB7F98E00D04C55 /* iQuizUITests.swift */ = {isa = PBXFileReference; lastKnownFileType = sourcecode.swift; path = iQuizUITests.swift; sourceTree = "<group>"; };
		7A20E2461EB7F98E00D04C55 /* Info.plist */ = {isa = PBXFileReference; lastKnownFileType = text.plist.xml; path = Info.plist; sourceTree = "<group>"; };
		7A5C12B61EC12DFB00F3E7A1 /* QuestionViewController.swift */ = {isa = PBXFileReference; fileEncoding = 4; lastKnownFileType = sourcecode.swift; path = QuestionViewController.swift; sourceTree = "<group>"; };
		7A5C12B81EC12EC200F3E7A1 /* AnswerViewController.swift */ = {isa = PBXFileReference; fileEncoding = 4; lastKnownFileType = sourcecode.swift; path = AnswerViewController.swift; sourceTree = "<group>"; };
		7A5C12BA1EC12EF700F3E7A1 /* FinishViewController.swift */ = {isa = PBXFileReference; fileEncoding = 4; lastKnownFileType = sourcecode.swift; path = FinishViewController.swift; sourceTree = "<group>"; };
/* End PBXFileReference section */

/* Begin PBXFrameworksBuildPhase section */
		7A20E21E1EB7F98E00D04C55 /* Frameworks */ = {
			isa = PBXFrameworksBuildPhase;
			buildActionMask = 2147483647;
			files = (
			);
			runOnlyForDeploymentPostprocessing = 0;
		};
		7A20E2321EB7F98E00D04C55 /* Frameworks */ = {
			isa = PBXFrameworksBuildPhase;
			buildActionMask = 2147483647;
			files = (
			);
			runOnlyForDeploymentPostprocessing = 0;
		};
		7A20E23D1EB7F98E00D04C55 /* Frameworks */ = {
			isa = PBXFrameworksBuildPhase;
			buildActionMask = 2147483647;
			files = (
			);
			runOnlyForDeploymentPostprocessing = 0;
		};
/* End PBXFrameworksBuildPhase section */

/* Begin PBXGroup section */
		7A20E2181EB7F98E00D04C55 = {
			isa = PBXGroup;
			children = (
				7A20E2231EB7F98E00D04C55 /* iQuiz */,
				7A20E2381EB7F98E00D04C55 /* iQuizTests */,
				7A20E2431EB7F98E00D04C55 /* iQuizUITests */,
				7A20E2221EB7F98E00D04C55 /* Products */,
			);
			sourceTree = "<group>";
		};
		7A20E2221EB7F98E00D04C55 /* Products */ = {
			isa = PBXGroup;
			children = (
				7A20E2211EB7F98E00D04C55 /* iQuiz.app */,
				7A20E2351EB7F98E00D04C55 /* iQuizTests.xctest */,
				7A20E2401EB7F98E00D04C55 /* iQuizUITests.xctest */,
			);
			name = Products;
			sourceTree = "<group>";
		};
		7A20E2231EB7F98E00D04C55 /* iQuiz */ = {
			isa = PBXGroup;
			children = (
				7A20E2241EB7F98E00D04C55 /* AppDelegate.swift */,
				7A20E2261EB7F98E00D04C55 /* ViewController.swift */,
				7A20E2281EB7F98E00D04C55 /* Main.storyboard */,
				7A20E22B1EB7F98E00D04C55 /* Assets.xcassets */,
				7A20E22D1EB7F98E00D04C55 /* LaunchScreen.storyboard */,
				7A20E2301EB7F98E00D04C55 /* Info.plist */,
				7A5C12B61EC12DFB00F3E7A1 /* QuestionViewController.swift */,
				7A5C12B81EC12EC200F3E7A1 /* AnswerViewController.swift */,
				7A5C12BA1EC12EF700F3E7A1 /* FinishViewController.swift */,
			);
			path = iQuiz;
			sourceTree = "<group>";
		};
		7A20E2381EB7F98E00D04C55 /* iQuizTests */ = {
			isa = PBXGroup;
			children = (
				7A20E2391EB7F98E00D04C55 /* iQuizTests.swift */,
				7A20E23B1EB7F98E00D04C55 /* Info.plist */,
			);
			path = iQuizTests;
			sourceTree = "<group>";
		};
		7A20E2431EB7F98E00D04C55 /* iQuizUITests */ = {
			isa = PBXGroup;
			children = (
				7A20E2441EB7F98E00D04C55 /* iQuizUITests.swift */,
				7A20E2461EB7F98E00D04C55 /* Info.plist */,
			);
			path = iQuizUITests;
			sourceTree = "<group>";
		};
/* End PBXGroup section */

/* Begin PBXNativeTarget section */
		7A20E2201EB7F98E00D04C55 /* iQuiz */ = {
			isa = PBXNativeTarget;
			buildConfigurationList = 7A20E2491EB7F98E00D04C55 /* Build configuration list for PBXNativeTarget "iQuiz" */;
			buildPhases = (
				7A20E21D1EB7F98E00D04C55 /* Sources */,
				7A20E21E1EB7F98E00D04C55 /* Frameworks */,
				7A20E21F1EB7F98E00D04C55 /* Resources */,
			);
			buildRules = (
			);
			dependencies = (
			);
			name = iQuiz;
			productName = iQuiz;
			productReference = 7A20E2211EB7F98E00D04C55 /* iQuiz.app */;
			productType = "com.apple.product-type.application";
		};
		7A20E2341EB7F98E00D04C55 /* iQuizTests */ = {
			isa = PBXNativeTarget;
			buildConfigurationList = 7A20E24C1EB7F98E00D04C55 /* Build configuration list for PBXNativeTarget "iQuizTests" */;
			buildPhases = (
				7A20E2311EB7F98E00D04C55 /* Sources */,
				7A20E2321EB7F98E00D04C55 /* Frameworks */,
				7A20E2331EB7F98E00D04C55 /* Resources */,
			);
			buildRules = (
			);
			dependencies = (
				7A20E2371EB7F98E00D04C55 /* PBXTargetDependency */,
			);
			name = iQuizTests;
			productName = iQuizTests;
			productReference = 7A20E2351EB7F98E00D04C55 /* iQuizTests.xctest */;
			productType = "com.apple.product-type.bundle.unit-test";
		};
		7A20E23F1EB7F98E00D04C55 /* iQuizUITests */ = {
			isa = PBXNativeTarget;
			buildConfigurationList = 7A20E24F1EB7F98E00D04C55 /* Build configuration list for PBXNativeTarget "iQuizUITests" */;
			buildPhases = (
				7A20E23C1EB7F98E00D04C55 /* Sources */,
				7A20E23D1EB7F98E00D04C55 /* Frameworks */,
				7A20E23E1EB7F98E00D04C55 /* Resources */,
			);
			buildRules = (
			);
			dependencies = (
				7A20E2421EB7F98E00D04C55 /* PBXTargetDependency */,
			);
			name = iQuizUITests;
			productName = iQuizUITests;
			productReference = 7A20E2401EB7F98E00D04C55 /* iQuizUITests.xctest */;
			productType = "com.apple.product-type.bundle.ui-testing";
		};
/* End PBXNativeTarget section */

/* Begin PBXProject section */
		7A20E2191EB7F98E00D04C55 /* Project object */ = {
			isa = PBXProject;
			attributes = {
				LastSwiftUpdateCheck = 0830;
				LastUpgradeCheck = 0830;
				ORGANIZATIONNAME = "Vishesh Sood";
				TargetAttributes = {
					7A20E2201EB7F98E00D04C55 = {
						CreatedOnToolsVersion = 8.3.2;
						DevelopmentTeam = E9YGY784YY;
						ProvisioningStyle = Automatic;
					};
					7A20E2341EB7F98E00D04C55 = {
						CreatedOnToolsVersion = 8.3.2;
						DevelopmentTeam = E9YGY784YY;
						ProvisioningStyle = Automatic;
						TestTargetID = 7A20E2201EB7F98E00D04C55;
					};
					7A20E23F1EB7F98E00D04C55 = {
						CreatedOnToolsVersion = 8.3.2;
						DevelopmentTeam = E9YGY784YY;
						ProvisioningStyle = Automatic;
						TestTargetID = 7A20E2201EB7F98E00D04C55;
					};
				};
			};
			buildConfigurationList = 7A20E21C1EB7F98E00D04C55 /* Build configuration list for PBXProject "iQuiz" */;
			compatibilityVersion = "Xcode 3.2";
			developmentRegion = English;
			hasScannedForEncodings = 0;
			knownRegions = (
				en,
				Base,
			);
			mainGroup = 7A20E2181EB7F98E00D04C55;
			productRefGroup = 7A20E2221EB7F98E00D04C55 /* Products */;
			projectDirPath = "";
			projectRoot = "";
			targets = (
				7A20E2201EB7F98E00D04C55 /* iQuiz */,
				7A20E2341EB7F98E00D04C55 /* iQuizTests */,
				7A20E23F1EB7F98E00D04C55 /* iQuizUITests */,
			);
		};
/* End PBXProject section */

/* Begin PBXResourcesBuildPhase section */
		7A20E21F1EB7F98E00D04C55 /* Resources */ = {
			isa = PBXResourcesBuildPhase;
			buildActionMask = 2147483647;
			files = (
				7A20E22F1EB7F98E00D04C55 /* LaunchScreen.storyboard in Resources */,
				7A20E22C1EB7F98E00D04C55 /* Assets.xcassets in Resources */,
				7A20E22A1EB7F98E00D04C55 /* Main.storyboard in Resources */,
			);
			runOnlyForDeploymentPostprocessing = 0;
		};
		7A20E2331EB7F98E00D04C55 /* Resources */ = {
			isa = PBXResourcesBuildPhase;
			buildActionMask = 2147483647;
			files = (
			);
			runOnlyForDeploymentPostprocessing = 0;
		};
		7A20E23E1EB7F98E00D04C55 /* Resources */ = {
			isa = PBXResourcesBuildPhase;
			buildActionMask = 2147483647;
			files = (
			);
			runOnlyForDeploymentPostprocessing = 0;
		};
/* End PBXResourcesBuildPhase section */

/* Begin PBXSourcesBuildPhase section */
		7A20E21D1EB7F98E00D04C55 /* Sources */ = {
			isa = PBXSourcesBuildPhase;
			buildActionMask = 2147483647;
			files = (
				7A5C12BB1EC12EF700F3E7A1 /* FinishViewController.swift in Sources */,
				7A5C12B91EC12EC200F3E7A1 /* AnswerViewController.swift in Sources */,
				7A20E2271EB7F98E00D04C55 /* ViewController.swift in Sources */,
				7A20E2251EB7F98E00D04C55 /* AppDelegate.swift in Sources */,
				7A5C12B71EC12DFB00F3E7A1 /* QuestionViewController.swift in Sources */,
			);
			runOnlyForDeploymentPostprocessing = 0;
		};
		7A20E2311EB7F98E00D04C55 /* Sources */ = {
			isa = PBXSourcesBuildPhase;
			buildActionMask = 2147483647;
			files = (
				7A20E23A1EB7F98E00D04C55 /* iQuizTests.swift in Sources */,
			);
			runOnlyForDeploymentPostprocessing = 0;
		};
		7A20E23C1EB7F98E00D04C55 /* Sources */ = {
			isa = PBXSourcesBuildPhase;
			buildActionMask = 2147483647;
			files = (
				7A20E2451EB7F98E00D04C55 /* iQuizUITests.swift in Sources */,
			);
			runOnlyForDeploymentPostprocessing = 0;
		};
/* End PBXSourcesBuildPhase section */

/* Begin PBXTargetDependency section */
		7A20E2371EB7F98E00D04C55 /* PBXTargetDependency */ = {
			isa = PBXTargetDependency;
			target = 7A20E2201EB7F98E00D04C55 /* iQuiz */;
			targetProxy = 7A20E2361EB7F98E00D04C55 /* PBXContainerItemProxy */;
		};
		7A20E2421EB7F98E00D04C55 /* PBXTargetDependency */ = {
			isa = PBXTargetDependency;
			target = 7A20E2201EB7F98E00D04C55 /* iQuiz */;
			targetProxy = 7A20E2411EB7F98E00D04C55 /* PBXContainerItemProxy */;
		};
/* End PBXTargetDependency section */

/* Begin PBXVariantGroup section */
		7A20E2281EB7F98E00D04C55 /* Main.storyboard */ = {
			isa = PBXVariantGroup;
			children = (
				7A20E2291EB7F98E00D04C55 /* Base */,
			);
			name = Main.storyboard;
			sourceTree = "<group>";
		};
		7A20E22D1EB7F98E00D04C55 /* LaunchScreen.storyboard */ = {
			isa = PBXVariantGroup;
			children = (
				7A20E22E1EB7F98E00D04C55 /* Base */,
			);
			name = LaunchScreen.storyboard;
			sourceTree = "<group>";
		};
/* End PBXVariantGroup section */

/* Begin XCBuildConfiguration section */
		7A20E2471EB7F98E00D04C55 /* Debug */ = {
			isa = XCBuildConfiguration;
			buildSettings = {
				ALWAYS_SEARCH_USER_PATHS = NO;
				CLANG_ANALYZER_NONNULL = YES;
				CLANG_ANALYZER_NUMBER_OBJECT_CONVERSION = YES_AGGRESSIVE;
				CLANG_CXX_LANGUAGE_STANDARD = "gnu++0x";
				CLANG_CXX_LIBRARY = "libc++";
				CLANG_ENABLE_MODULES = YES;
				CLANG_ENABLE_OBJC_ARC = YES;
				CLANG_WARN_BOOL_CONVERSION = YES;
				CLANG_WARN_CONSTANT_CONVERSION = YES;
				CLANG_WARN_DIRECT_OBJC_ISA_USAGE = YES_ERROR;
				CLANG_WARN_DOCUMENTATION_COMMENTS = YES;
				CLANG_WARN_EMPTY_BODY = YES;
				CLANG_WARN_ENUM_CONVERSION = YES;
				CLANG_WARN_INFINITE_RECURSION = YES;
				CLANG_WARN_INT_CONVERSION = YES;
				CLANG_WARN_OBJC_ROOT_CLASS = YES_ERROR;
				CLANG_WARN_SUSPICIOUS_MOVE = YES;
				CLANG_WARN_UNREACHABLE_CODE = YES;
				CLANG_WARN__DUPLICATE_METHOD_MATCH = YES;
				"CODE_SIGN_IDENTITY[sdk=iphoneos*]" = "iPhone Developer";
				COPY_PHASE_STRIP = NO;
				DEBUG_INFORMATION_FORMAT = dwarf;
				ENABLE_STRICT_OBJC_MSGSEND = YES;
				ENABLE_TESTABILITY = YES;
				GCC_C_LANGUAGE_STANDARD = gnu99;
				GCC_DYNAMIC_NO_PIC = NO;
				GCC_NO_COMMON_BLOCKS = YES;
				GCC_OPTIMIZATION_LEVEL = 0;
				GCC_PREPROCESSOR_DEFINITIONS = (
					"DEBUG=1",
					"$(inherited)",
				);
				GCC_WARN_64_TO_32_BIT_CONVERSION = YES;
				GCC_WARN_ABOUT_RETURN_TYPE = YES_ERROR;
				GCC_WARN_UNDECLARED_SELECTOR = YES;
				GCC_WARN_UNINITIALIZED_AUTOS = YES_AGGRESSIVE;
				GCC_WARN_UNUSED_FUNCTION = YES;
				GCC_WARN_UNUSED_VARIABLE = YES;
				IPHONEOS_DEPLOYMENT_TARGET = 10.3;
				MTL_ENABLE_DEBUG_INFO = YES;
				ONLY_ACTIVE_ARCH = YES;
				SDKROOT = iphoneos;
				SWIFT_ACTIVE_COMPILATION_CONDITIONS = DEBUG;
				SWIFT_OPTIMIZATION_LEVEL = "-Onone";
				TARGETED_DEVICE_FAMILY = "1,2";
			};
			name = Debug;
		};
		7A20E2481EB7F98E00D04C55 /* Release */ = {
			isa = XCBuildConfiguration;
			buildSettings = {
				ALWAYS_SEARCH_USER_PATHS = NO;
				CLANG_ANALYZER_NONNULL = YES;
				CLANG_ANALYZER_NUMBER_OBJECT_CONVERSION = YES_AGGRESSIVE;
				CLANG_CXX_LANGUAGE_STANDARD = "gnu++0x";
				CLANG_CXX_LIBRARY = "libc++";
				CLANG_ENABLE_MODULES = YES;
				CLANG_ENABLE_OBJC_ARC = YES;
				CLANG_WARN_BOOL_CONVERSION = YES;
				CLANG_WARN_CONSTANT_CONVERSION = YES;
				CLANG_WARN_DIRECT_OBJC_ISA_USAGE = YES_ERROR;
				CLANG_WARN_DOCUMENTATION_COMMENTS = YES;
				CLANG_WARN_EMPTY_BODY = YES;
				CLANG_WARN_ENUM_CONVERSION = YES;
				CLANG_WARN_INFINITE_RECURSION = YES;
				CLANG_WARN_INT_CONVERSION = YES;
				CLANG_WARN_OBJC_ROOT_CLASS = YES_ERROR;
				CLANG_WARN_SUSPICIOUS_MOVE = YES;
				CLANG_WARN_UNREACHABLE_CODE = YES;
				CLANG_WARN__DUPLICATE_METHOD_MATCH = YES;
				"CODE_SIGN_IDENTITY[sdk=iphoneos*]" = "iPhone Developer";
				COPY_PHASE_STRIP = NO;
				DEBUG_INFORMATION_FORMAT = "dwarf-with-dsym";
				ENABLE_NS_ASSERTIONS = NO;
				ENABLE_STRICT_OBJC_MSGSEND = YES;
				GCC_C_LANGUAGE_STANDARD = gnu99;
				GCC_NO_COMMON_BLOCKS = YES;
				GCC_WARN_64_TO_32_BIT_CONVERSION = YES;
				GCC_WARN_ABOUT_RETURN_TYPE = YES_ERROR;
				GCC_WARN_UNDECLARED_SELECTOR = YES;
				GCC_WARN_UNINITIALIZED_AUTOS = YES_AGGRESSIVE;
				GCC_WARN_UNUSED_FUNCTION = YES;
				GCC_WARN_UNUSED_VARIABLE = YES;
				IPHONEOS_DEPLOYMENT_TARGET = 10.3;
				MTL_ENABLE_DEBUG_INFO = NO;
				SDKROOT = iphoneos;
				SWIFT_OPTIMIZATION_LEVEL = "-Owholemodule";
				TARGETED_DEVICE_FAMILY = "1,2";
				VALIDATE_PRODUCT = YES;
			};
			name = Release;
		};
		7A20E24A1EB7F98E00D04C55 /* Debug */ = {
			isa = XCBuildConfiguration;
			buildSettings = {
				ASSETCATALOG_COMPILER_APPICON_NAME = AppIcon;
				DEVELOPMENT_TEAM = E9YGY784YY;
				INFOPLIST_FILE = iQuiz/Info.plist;
				LD_RUNPATH_SEARCH_PATHS = "$(inherited) @executable_path/Frameworks";
				PRODUCT_BUNDLE_IDENTIFIER = visheshsood.com.iQuiz;
				PRODUCT_NAME = "$(TARGET_NAME)";
				SWIFT_VERSION = 3.0;
			};
			name = Debug;
		};
		7A20E24B1EB7F98E00D04C55 /* Release */ = {
			isa = XCBuildConfiguration;
			buildSettings = {
				ASSETCATALOG_COMPILER_APPICON_NAME = AppIcon;
				DEVELOPMENT_TEAM = E9YGY784YY;
				INFOPLIST_FILE = iQuiz/Info.plist;
				LD_RUNPATH_SEARCH_PATHS = "$(inherited) @executable_path/Frameworks";
				PRODUCT_BUNDLE_IDENTIFIER = visheshsood.com.iQuiz;
				PRODUCT_NAME = "$(TARGET_NAME)";
				SWIFT_VERSION = 3.0;
			};
			name = Release;
		};
		7A20E24D1EB7F98E00D04C55 /* Debug */ = {
			isa = XCBuildConfiguration;
			buildSettings = {
				ALWAYS_EMBED_SWIFT_STANDARD_LIBRARIES = YES;
				BUNDLE_LOADER = "$(TEST_HOST)";
				DEVELOPMENT_TEAM = E9YGY784YY;
				INFOPLIST_FILE = iQuizTests/Info.plist;
				LD_RUNPATH_SEARCH_PATHS = "$(inherited) @executable_path/Frameworks @loader_path/Frameworks";
				PRODUCT_BUNDLE_IDENTIFIER = visheshsood.com.iQuizTests;
				PRODUCT_NAME = "$(TARGET_NAME)";
				SWIFT_VERSION = 3.0;
				TEST_HOST = "$(BUILT_PRODUCTS_DIR)/iQuiz.app/iQuiz";
			};
			name = Debug;
		};
		7A20E24E1EB7F98E00D04C55 /* Release */ = {
			isa = XCBuildConfiguration;
			buildSettings = {
				ALWAYS_EMBED_SWIFT_STANDARD_LIBRARIES = YES;
				BUNDLE_LOADER = "$(TEST_HOST)";
				DEVELOPMENT_TEAM = E9YGY784YY;
				INFOPLIST_FILE = iQuizTests/Info.plist;
				LD_RUNPATH_SEARCH_PATHS = "$(inherited) @executable_path/Frameworks @loader_path/Frameworks";
				PRODUCT_BUNDLE_IDENTIFIER = visheshsood.com.iQuizTests;
				PRODUCT_NAME = "$(TARGET_NAME)";
				SWIFT_VERSION = 3.0;
				TEST_HOST = "$(BUILT_PRODUCTS_DIR)/iQuiz.app/iQuiz";
			};
			name = Release;
		};
		7A20E2501EB7F98E00D04C55 /* Debug */ = {
			isa = XCBuildConfiguration;
			buildSettings = {
				ALWAYS_EMBED_SWIFT_STANDARD_LIBRARIES = YES;
				DEVELOPMENT_TEAM = E9YGY784YY;
				INFOPLIST_FILE = iQuizUITests/Info.plist;
				LD_RUNPATH_SEARCH_PATHS = "$(inherited) @executable_path/Frameworks @loader_path/Frameworks";
				PRODUCT_BUNDLE_IDENTIFIER = visheshsood.com.iQuizUITests;
				PRODUCT_NAME = "$(TARGET_NAME)";
				SWIFT_VERSION = 3.0;
				TEST_TARGET_NAME = iQuiz;
			};
			name = Debug;
		};
		7A20E2511EB7F98E00D04C55 /* Release */ = {
			isa = XCBuildConfiguration;
			buildSettings = {
				ALWAYS_EMBED_SWIFT_STANDARD_LIBRARIES = YES;
				DEVELOPMENT_TEAM = E9YGY784YY;
				INFOPLIST_FILE = iQuizUITests/Info.plist;
				LD_RUNPATH_SEARCH_PATHS = "$(inherited) @executable_path/Frameworks @loader_path/Frameworks";
				PRODUCT_BUNDLE_IDENTIFIER = visheshsood.com.iQuizUITests;
				PRODUCT_NAME = "$(TARGET_NAME)";
				SWIFT_VERSION = 3.0;
				TEST_TARGET_NAME = iQuiz;
			};
			name = Release;
		};
/* End XCBuildConfiguration section */

/* Begin XCConfigurationList section */
		7A20E21C1EB7F98E00D04C55 /* Build configuration list for PBXProject "iQuiz" */ = {
			isa = XCConfigurationList;
			buildConfigurations = (
				7A20E2471EB7F98E00D04C55 /* Debug */,
				7A20E2481EB7F98E00D04C55 /* Release */,
			);
			defaultConfigurationIsVisible = 0;
			defaultConfigurationName = Release;
		};
		7A20E2491EB7F98E00D04C55 /* Build configuration list for PBXNativeTarget "iQuiz" */ = {
			isa = XCConfigurationList;
			buildConfigurations = (
				7A20E24A1EB7F98E00D04C55 /* Debug */,
				7A20E24B1EB7F98E00D04C55 /* Release */,
			);
			defaultConfigurationIsVisible = 0;
			defaultConfigurationName = Release;
		};
		7A20E24C1EB7F98E00D04C55 /* Build configuration list for PBXNativeTarget "iQuizTests" */ = {
			isa = XCConfigurationList;
			buildConfigurations = (
				7A20E24D1EB7F98E00D04C55 /* Debug */,
				7A20E24E1EB7F98E00D04C55 /* Release */,
			);
			defaultConfigurationIsVisible = 0;
			defaultConfigurationName = Release;
		};
		7A20E24F1EB7F98E00D04C55 /* Build configuration list for PBXNativeTarget "iQuizUITests" */ = {
			isa = XCConfigurationList;
			buildConfigurations = (
				7A20E2501EB7F98E00D04C55 /* Debug */,
				7A20E2511EB7F98E00D04C55 /* Release */,
			);
			defaultConfigurationIsVisible = 0;
			defaultConfigurationName = Release;
		};
/* End XCConfigurationList section */
	};
	rootObject = 7A20E2191EB7F98E00D04C55 /* Project object */;
}
